
Microsoft Visual Studio Solution File, Format Version 12.00
# Visual Studio Version 17
VisualStudioVersion = 17.3.32505.426
MinimumVisualStudioVersion = 10.0.40219.1
Project("{2150E333-8FDC-42A3-9474-1A3956D46DE8}") = "src", "src", "{8AAB0183-08C8-45F9-8375-511FCC371F4B}"
EndProject
Project("{9A19103F-16F7-4668-BE54-9A1E7A4F7556}") = "Domain", "src\Domain\Domain.csproj", "{734781A2-4BD9-4540-BBBA-CB15FECF152F}"
EndProject
Project("{9A19103F-16F7-4668-BE54-9A1E7A4F7556}") = "Application", "src\Application\Application.csproj", "{25E95F83-6D50-495C-BD94-1B9C9C0DDF5A}"
EndProject
Project("{9A19103F-16F7-4668-BE54-9A1E7A4F7556}") = "Infrastructure", "src\Infrastructure\Infrastructure.csproj", "{180446AF-197B-44F1-B554-233A745D14D5}"
EndProject
Project("{9A19103F-16F7-4668-BE54-9A1E7A4F7556}") = "WebApi", "src\WebApi\WebApi.csproj", "{7E938808-3757-41D3-8068-5501A53982A8}"
EndProject
Project("{9A19103F-16F7-4668-BE54-9A1E7A4F7556}") = "Pesistence", "src\Pesistence\Pesistence.csproj", "{EB161302-14BB-453C-ACB4-373FEA6302C3}"
EndProject
Project("{2150E333-8FDC-42A3-9474-1A3956D46DE8}") = "test", "test", "{32113DB6-55D9-4CE1-B87D-586CF11341C5}"
EndProject
Project("{2150E333-8FDC-42A3-9474-1A3956D46DE8}") = "Solution Items", "Solution Items", "{44371ED6-F399-4A52-AF8C-59AB19FA7AFA}"
	ProjectSection(SolutionItems) = preProject
		LICENSE = LICENSE
		README.md = README.md
	EndProjectSection
EndProject
Project("{9A19103F-16F7-4668-BE54-9A1E7A4F7556}") = "Domain.UnitTest", "test\Domain.UnitTest\Domain.UnitTest.csproj", "{3F19DFA9-229B-4DBA-8804-26DF375480AD}"
EndProject
Project("{9A19103F-16F7-4668-BE54-9A1E7A4F7556}") = "BlazorUI", "src\BlazorUI\BlazorUI.csproj", "{51591456-38FA-48F7-9A40-F4C12A2F0F5C}"
EndProject
Project("{9A19103F-16F7-4668-BE54-9A1E7A4F7556}") = "Shared", "src\Application.RequestModels\Shared.csproj", "{26DC50E0-B780-46A0-9F8F-B89070E099DC}"
EndProject
Project("{2150E333-8FDC-42A3-9474-1A3956D46DE8}") = "WebUI", "WebUI", "{095A15B0-9645-411D-99C4-2DE91C2989A4}"
EndProject
Global
	GlobalSection(SolutionConfigurationPlatforms) = preSolution
		Debug|Any CPU = Debug|Any CPU
		Release|Any CPU = Release|Any CPU
	EndGlobalSection
	GlobalSection(ProjectConfigurationPlatforms) = postSolution
		{734781A2-4BD9-4540-BBBA-CB15FECF152F}.Debug|Any CPU.ActiveCfg = Debug|Any CPU
		{734781A2-4BD9-4540-BBBA-CB15FECF152F}.Debug|Any CPU.Build.0 = Debug|Any CPU
		{734781A2-4BD9-4540-BBBA-CB15FECF152F}.Release|Any CPU.ActiveCfg = Release|Any CPU
		{734781A2-4BD9-4540-BBBA-CB15FECF152F}.Release|Any CPU.Build.0 = Release|Any CPU
		{25E95F83-6D50-495C-BD94-1B9C9C0DDF5A}.Debug|Any CPU.ActiveCfg = Debug|Any CPU
		{25E95F83-6D50-495C-BD94-1B9C9C0DDF5A}.Debug|Any CPU.Build.0 = Debug|Any CPU
		{25E95F83-6D50-495C-BD94-1B9C9C0DDF5A}.Release|Any CPU.ActiveCfg = Release|Any CPU
		{25E95F83-6D50-495C-BD94-1B9C9C0DDF5A}.Release|Any CPU.Build.0 = Release|Any CPU
		{180446AF-197B-44F1-B554-233A745D14D5}.Debug|Any CPU.ActiveCfg = Debug|Any CPU
		{180446AF-197B-44F1-B554-233A745D14D5}.Debug|Any CPU.Build.0 = Debug|Any CPU
		{180446AF-197B-44F1-B554-233A745D14D5}.Release|Any CPU.ActiveCfg = Release|Any CPU
		{180446AF-197B-44F1-B554-233A745D14D5}.Release|Any CPU.Build.0 = Release|Any CPU
		{7E938808-3757-41D3-8068-5501A53982A8}.Debug|Any CPU.ActiveCfg = Debug|Any CPU
		{7E938808-3757-41D3-8068-5501A53982A8}.Debug|Any CPU.Build.0 = Debug|Any CPU
		{7E938808-3757-41D3-8068-5501A53982A8}.Release|Any CPU.ActiveCfg = Release|Any CPU
		{7E938808-3757-41D3-8068-5501A53982A8}.Release|Any CPU.Build.0 = Release|Any CPU
		{EB161302-14BB-453C-ACB4-373FEA6302C3}.Debug|Any CPU.ActiveCfg = Debug|Any CPU
		{EB161302-14BB-453C-ACB4-373FEA6302C3}.Debug|Any CPU.Build.0 = Debug|Any CPU
		{EB161302-14BB-453C-ACB4-373FEA6302C3}.Release|Any CPU.ActiveCfg = Release|Any CPU
		{EB161302-14BB-453C-ACB4-373FEA6302C3}.Release|Any CPU.Build.0 = Release|Any CPU
		{3F19DFA9-229B-4DBA-8804-26DF375480AD}.Debug|Any CPU.ActiveCfg = Debug|Any CPU
		{3F19DFA9-229B-4DBA-8804-26DF375480AD}.Debug|Any CPU.Build.0 = Debug|Any CPU
		{3F19DFA9-229B-4DBA-8804-26DF375480AD}.Release|Any CPU.ActiveCfg = Release|Any CPU
		{3F19DFA9-229B-4DBA-8804-26DF375480AD}.Release|Any CPU.Build.0 = Release|Any CPU
		{51591456-38FA-48F7-9A40-F4C12A2F0F5C}.Debug|Any CPU.ActiveCfg = Debug|Any CPU
		{51591456-38FA-48F7-9A40-F4C12A2F0F5C}.Debug|Any CPU.Build.0 = Debug|Any CPU
		{51591456-38FA-48F7-9A40-F4C12A2F0F5C}.Release|Any CPU.ActiveCfg = Release|Any CPU
		{51591456-38FA-48F7-9A40-F4C12A2F0F5C}.Release|Any CPU.Build.0 = Release|Any CPU
		{26DC50E0-B780-46A0-9F8F-B89070E099DC}.Debug|Any CPU.ActiveCfg = Debug|Any CPU
		{26DC50E0-B780-46A0-9F8F-B89070E099DC}.Debug|Any CPU.Build.0 = Debug|Any CPU
		{26DC50E0-B780-46A0-9F8F-B89070E099DC}.Release|Any CPU.ActiveCfg = Release|Any CPU
		{26DC50E0-B780-46A0-9F8F-B89070E099DC}.Release|Any CPU.Build.0 = Release|Any CPU
	EndGlobalSection
	GlobalSection(SolutionProperties) = preSolution
		HideSolutionNode = FALSE
	EndGlobalSection
	GlobalSection(NestedProjects) = preSolution
		{734781A2-4BD9-4540-BBBA-CB15FECF152F} = {8AAB0183-08C8-45F9-8375-511FCC371F4B}
		{25E95F83-6D50-495C-BD94-1B9C9C0DDF5A} = {8AAB0183-08C8-45F9-8375-511FCC371F4B}
		{180446AF-197B-44F1-B554-233A745D14D5} = {8AAB0183-08C8-45F9-8375-511FCC371F4B}
		{7E938808-3757-41D3-8068-5501A53982A8} = {095A15B0-9645-411D-99C4-2DE91C2989A4}
		{EB161302-14BB-453C-ACB4-373FEA6302C3} = {8AAB0183-08C8-45F9-8375-511FCC371F4B}
		{3F19DFA9-229B-4DBA-8804-26DF375480AD} = {32113DB6-55D9-4CE1-B87D-586CF11341C5}
		{51591456-38FA-48F7-9A40-F4C12A2F0F5C} = {095A15B0-9645-411D-99C4-2DE91C2989A4}
		{26DC50E0-B780-46A0-9F8F-B89070E099DC} = {095A15B0-9645-411D-99C4-2DE91C2989A4}
		{095A15B0-9645-411D-99C4-2DE91C2989A4} = {8AAB0183-08C8-45F9-8375-511FCC371F4B}
	EndGlobalSection
	GlobalSection(ExtensibilityGlobals) = postSolution
		SolutionGuid = {8D8BC285-9D56-4D51-B2B5-33B00B1EED79}
	EndGlobalSection
EndGlobal
