
Microsoft Visual Studio Solution File, Format Version 12.00
# Visual Studio Version 17
VisualStudioVersion = 17.6.33513.286
MinimumVisualStudioVersion = 10.0.40219.1
Project("{2150E333-8FDC-42A3-9474-1A3956D46DE8}") = "src", "src", "{0CAD54B5-C709-4D42-91F2-EC380D132DD3}"
EndProject
Project("{2150E333-8FDC-42A3-9474-1A3956D46DE8}") = "test", "test", "{B73E9FA8-87F2-4D5F-8AEC-9337FB08B1DE}"
EndProject
Project("{2150E333-8FDC-42A3-9474-1A3956D46DE8}") = "Solution Items", "Solution Items", "{CB3BDAFD-2AEC-44D2-B999-25792B11626F}"
	ProjectSection(SolutionItems) = preProject
		LICENSE = LICENSE
		README.md = README.md
	EndProjectSection
EndProject
Project("{2150E333-8FDC-42A3-9474-1A3956D46DE8}") = "src_shared", "src_shared", "{E8C879AE-BE74-4AD0-AFA4-584617879B8A}"
EndProject
Project("{FAE04EC0-301F-11D3-BF4B-00C04F79EFBC}") = "Domain.Shared", "src_shared\Domain.Shared\Domain.Shared.csproj", "{7934E668-D496-4CA6-B234-5B36799BFE9D}"
EndProject
Project("{FAE04EC0-301F-11D3-BF4B-00C04F79EFBC}") = "Domain", "src\Domain\Domain.csproj", "{DAD438F1-68A5-47D4-9EBB-6EC70F30D7B1}"
EndProject
Project("{FAE04EC0-301F-11D3-BF4B-00C04F79EFBC}") = "Application", "src\Application\Application.csproj", "{5E28584F-A83F-40CE-896D-245F3C00D654}"
EndProject
Project("{FAE04EC0-301F-11D3-BF4B-00C04F79EFBC}") = "Infrastructure", "src\Infrastructure\Infrastructure.csproj", "{43832556-73A0-4244-8E70-EC09C1E45A43}"
EndProject
Project("{FAE04EC0-301F-11D3-BF4B-00C04F79EFBC}") = "Application.Shared", "src_shared\Application.Shared\Application.Shared.csproj", "{C5897822-C742-49A6-858A-5A86759D8114}"
EndProject
Project("{FAE04EC0-301F-11D3-BF4B-00C04F79EFBC}") = "WebAPI", "src\WebAPI\WebAPI.csproj", "{3CEB9AD7-C09B-417D-949B-25E3C5441046}"
EndProject
Global
	GlobalSection(SolutionConfigurationPlatforms) = preSolution
		Debug|Any CPU = Debug|Any CPU
		Release|Any CPU = Release|Any CPU
	EndGlobalSection
	GlobalSection(ProjectConfigurationPlatforms) = postSolution
		{7934E668-D496-4CA6-B234-5B36799BFE9D}.Debug|Any CPU.ActiveCfg = Debug|Any CPU
		{7934E668-D496-4CA6-B234-5B36799BFE9D}.Debug|Any CPU.Build.0 = Debug|Any CPU
		{7934E668-D496-4CA6-B234-5B36799BFE9D}.Release|Any CPU.ActiveCfg = Release|Any CPU
		{7934E668-D496-4CA6-B234-5B36799BFE9D}.Release|Any CPU.Build.0 = Release|Any CPU
		{DAD438F1-68A5-47D4-9EBB-6EC70F30D7B1}.Debug|Any CPU.ActiveCfg = Debug|Any CPU
		{DAD438F1-68A5-47D4-9EBB-6EC70F30D7B1}.Debug|Any CPU.Build.0 = Debug|Any CPU
		{DAD438F1-68A5-47D4-9EBB-6EC70F30D7B1}.Release|Any CPU.ActiveCfg = Release|Any CPU
		{DAD438F1-68A5-47D4-9EBB-6EC70F30D7B1}.Release|Any CPU.Build.0 = Release|Any CPU
		{5E28584F-A83F-40CE-896D-245F3C00D654}.Debug|Any CPU.ActiveCfg = Debug|Any CPU
		{5E28584F-A83F-40CE-896D-245F3C00D654}.Debug|Any CPU.Build.0 = Debug|Any CPU
		{5E28584F-A83F-40CE-896D-245F3C00D654}.Release|Any CPU.ActiveCfg = Release|Any CPU
		{5E28584F-A83F-40CE-896D-245F3C00D654}.Release|Any CPU.Build.0 = Release|Any CPU
		{43832556-73A0-4244-8E70-EC09C1E45A43}.Debug|Any CPU.ActiveCfg = Debug|Any CPU
		{43832556-73A0-4244-8E70-EC09C1E45A43}.Debug|Any CPU.Build.0 = Debug|Any CPU
		{43832556-73A0-4244-8E70-EC09C1E45A43}.Release|Any CPU.ActiveCfg = Release|Any CPU
		{43832556-73A0-4244-8E70-EC09C1E45A43}.Release|Any CPU.Build.0 = Release|Any CPU
		{C5897822-C742-49A6-858A-5A86759D8114}.Debug|Any CPU.ActiveCfg = Debug|Any CPU
		{C5897822-C742-49A6-858A-5A86759D8114}.Debug|Any CPU.Build.0 = Debug|Any CPU
		{C5897822-C742-49A6-858A-5A86759D8114}.Release|Any CPU.ActiveCfg = Release|Any CPU
		{C5897822-C742-49A6-858A-5A86759D8114}.Release|Any CPU.Build.0 = Release|Any CPU
		{3CEB9AD7-C09B-417D-949B-25E3C5441046}.Debug|Any CPU.ActiveCfg = Debug|Any CPU
		{3CEB9AD7-C09B-417D-949B-25E3C5441046}.Debug|Any CPU.Build.0 = Debug|Any CPU
		{3CEB9AD7-C09B-417D-949B-25E3C5441046}.Release|Any CPU.ActiveCfg = Release|Any CPU
		{3CEB9AD7-C09B-417D-949B-25E3C5441046}.Release|Any CPU.Build.0 = Release|Any CPU
	EndGlobalSection
	GlobalSection(SolutionProperties) = preSolution
		HideSolutionNode = FALSE
	EndGlobalSection
	GlobalSection(NestedProjects) = preSolution
		{7934E668-D496-4CA6-B234-5B36799BFE9D} = {E8C879AE-BE74-4AD0-AFA4-584617879B8A}
		{DAD438F1-68A5-47D4-9EBB-6EC70F30D7B1} = {0CAD54B5-C709-4D42-91F2-EC380D132DD3}
		{5E28584F-A83F-40CE-896D-245F3C00D654} = {0CAD54B5-C709-4D42-91F2-EC380D132DD3}
		{43832556-73A0-4244-8E70-EC09C1E45A43} = {0CAD54B5-C709-4D42-91F2-EC380D132DD3}
		{C5897822-C742-49A6-858A-5A86759D8114} = {E8C879AE-BE74-4AD0-AFA4-584617879B8A}
		{3CEB9AD7-C09B-417D-949B-25E3C5441046} = {0CAD54B5-C709-4D42-91F2-EC380D132DD3}
	EndGlobalSection
	GlobalSection(ExtensibilityGlobals) = postSolution
		SolutionGuid = {99A34184-23FC-470B-BED9-62B13A06EB2B}
	EndGlobalSection
EndGlobal
